{
    "_readme": [
        "This file locks the dependencies of your project to a known state",
        "Read more about it at https://getcomposer.org/doc/01-basic-usage.md#installing-dependencies",
        "This file is @generated automatically"
    ],
    "content-hash": "ac15fce2094914ff35bab7b71c32493a",
    "packages": [
        {
            "name": "lukyanchyk/bracketed-problem-library",
            "version": "dev-main",
            "source": {
                "type": "git",
                "url": "https://github.com/YahorLukyanchyk/bracketed-problem-library.git",
                "reference": "4a62e9ff29b8b47a2a0f86e2c829cf1a5634342c"
            },
            "dist": {
                "type": "zip",
                "url": "https://api.github.com/repos/YahorLukyanchyk/bracketed-problem-library/zipball/4a62e9ff29b8b47a2a0f86e2c829cf1a5634342c",
                "reference": "4a62e9ff29b8b47a2a0f86e2c829cf1a5634342c",
                "shasum": ""
            },
            "require": {
                "php": "^8.2"
            },
            "default-branch": true,
            "type": "library",
            "autoload": {
                "psr-4": {
                    "Tests\\": "tests/",
                    "BracketsChecker\\": "src/"
                },
                "classmap": [
                    "src"
                ]
            },
            "notification-url": "https://packagist.org/downloads/",
            "authors": [
                {
                    "name": "Yahor Lukyanchyk",
                    "email": "yahorlukyanchyk@gmail.com"
                }
            ],
            "description": "Simple library to compare 2 rows with ( and )",
            "support": {
                "issues": "https://github.com/YahorLukyanchyk/bracketed-problem-library/issues",
                "source": "https://github.com/YahorLukyanchyk/bracketed-problem-library/tree/main"
            },
            "time": "2024-11-21T11:49:07+00:00"
        }
    ],
    "packages-dev": [],
    "aliases": [],
    "minimum-stability": "stable",
    "stability-flags": {
        "lukyanchyk/bracketed-problem-library": 20
    },
    "prefer-stable": false,
    "prefer-lowest": false,
    "platform": [],
    "platform-dev": [],
    "plugin-api-version": "2.6.0"
}
